// !$*UTF8*$!
{
	archiveVersion = 1;
	classes = {
	};
	objectVersion = 50;
	objects = {

/* Begin PBXBuildFile section */
		C33851232079BA0B0030320C /* AppDelegate.m in Sources */ = {isa = PBXBuildFile; fileRef = C33851222079BA0B0030320C /* AppDelegate.m */; };
		C33851262079BA0B0030320C /* ViewController.m in Sources */ = {isa = PBXBuildFile; fileRef = C33851252079BA0B0030320C /* ViewController.m */; };
		C33851292079BA0B0030320C /* Main.storyboard in Resources */ = {isa = PBXBuildFile; fileRef = C33851272079BA0B0030320C /* Main.storyboard */; };
		C338512B2079BA140030320C /* Assets.xcassets in Resources */ = {isa = PBXBuildFile; fileRef = C338512A2079BA140030320C /* Assets.xcassets */; };
		C338512E2079BA140030320C /* LaunchScreen.storyboard in Resources */ = {isa = PBXBuildFile; fileRef = C338512C2079BA140030320C /* LaunchScreen.storyboard */; };
		C33851312079BA140030320C /* main.m in Sources */ = {isa = PBXBuildFile; fileRef = C33851302079BA140030320C /* main.m */; };
/* End PBXBuildFile section */

/* Begin PBXFileReference section */
		C338511E2079BA0B0030320C /* LiTianDecoration.app */ = {isa = PBXFileReference; explicitFileType = wrapper.application; includeInIndex = 0; path = LiTianDecoration.app; sourceTree = BUILT_PRODUCTS_DIR; };
		C33851212079BA0B0030320C /* AppDelegate.h */ = {isa = PBXFileReference; lastKnownFileType = sourcecode.c.h; path = AppDelegate.h; sourceTree = "<group>"; };
		C33851222079BA0B0030320C /* AppDelegate.m */ = {isa = PBXFileReference; lastKnownFileType = sourcecode.c.objc; path = AppDelegate.m; sourceTree = "<group>"; };
		C33851242079BA0B0030320C /* ViewController.h */ = {isa = PBXFileReference; lastKnownFileType = sourcecode.c.h; path = ViewController.h; sourceTree = "<group>"; };
		C33851252079BA0B0030320C /* ViewController.m */ = {isa = PBXFileReference; lastKnownFileType = sourcecode.c.objc; path = ViewController.m; sourceTree = "<group>"; };
		C33851282079BA0B0030320C /* Base */ = {isa = PBXFileReference; lastKnownFileType = file.storyboard; name = Base; path = Base.lproj/Main.storyboard; sourceTree = "<group>"; };
		C338512A2079BA140030320C /* Assets.xcassets */ = {isa = PBXFileReference; lastKnownFileType = folder.assetcatalog; path = Assets.xcassets; sourceTree = "<group>"; };
		C338512D2079BA140030320C /* Base */ = {isa = PBXFileReference; lastKnownFileType = file.storyboard; name = Base; path = Base.lproj/LaunchScreen.storyboard; sourceTree = "<group>"; };
		C338512F2079BA140030320C /* Info.plist */ = {isa = PBXFileReference; lastKnownFileType = text.plist.xml; path = Info.plist; sourceTree = "<group>"; };
		C33851302079BA140030320C /* main.m */ = {isa = PBXFileReference; lastKnownFileType = sourcecode.c.objc; path = main.m; sourceTree = "<group>"; };
/* End PBXFileReference section */

/* Begin PBXFrameworksBuildPhase section */
		C338511B2079BA0B0030320C /* Frameworks */ = {
			isa = PBXFrameworksBuildPhase;
			buildActionMask = 2147483647;
			files = (
			);
			runOnlyForDeploymentPostprocessing = 0;
		};
/* End PBXFrameworksBuildPhase section */

/* Begin PBXGroup section */
		C33851152079BA0B0030320C = {
			isa = PBXGroup;
			children = (
				C33851202079BA0B0030320C /* LiTianDecoration */,
				C338511F2079BA0B0030320C /* Products */,
			);
			sourceTree = "<group>";
		};
		C338511F2079BA0B0030320C /* Products */ = {
			isa = PBXGroup;
			children = (
				C338511E2079BA0B0030320C /* LiTianDecoration.app */,
			);
			name = Products;
			sourceTree = "<group>";
		};
		C33851202079BA0B0030320C /* LiTianDecoration */ = {
			isa = PBXGroup;
			children = (
				C33851212079BA0B0030320C /* AppDelegate.h */,
				C33851222079BA0B0030320C /* AppDelegate.m */,
				C33851242079BA0B0030320C /* ViewController.h */,
				C33851252079BA0B0030320C /* ViewController.m */,
				C33851272079BA0B0030320C /* Main.storyboard */,
				C338512A2079BA140030320C /* Assets.xcassets */,
				C338512C2079BA140030320C /* LaunchScreen.storyboard */,
				C338512F2079BA140030320C /* Info.plist */,
				C33851302079BA140030320C /* main.m */,
			);
			path = LiTianDecoration;
			sourceTree = "<group>";
		};
/* End PBXGroup section */

/* Begin PBXNativeTarget section */
		C338511D2079BA0B0030320C /* LiTianDecoration */ = {
			isa = PBXNativeTarget;
			buildConfigurationList = C33851342079BA140030320C /* Build configuration list for PBXNativeTarget "LiTianDecoration" */;
			buildPhases = (
				C338511A2079BA0B0030320C /* Sources */,
				C338511B2079BA0B0030320C /* Frameworks */,
				C338511C2079BA0B0030320C /* Resources */,
			);
			buildRules = (
			);
			dependencies = (
			);
			name = LiTianDecoration;
			productName = LiTianDecoration;
			productReference = C338511E2079BA0B0030320C /* LiTianDecoration.app */;
			productType = "com.apple.product-type.application";
		};
/* End PBXNativeTarget section */

/* Begin PBXProject section */
		C33851162079BA0B0030320C /* Project object */ = {
			isa = PBXProject;
			attributes = {
				LastUpgradeCheck = 0930;
				ORGANIZATIONNAME = administrator;
				TargetAttributes = {
					C338511D2079BA0B0030320C = {
						CreatedOnToolsVersion = 9.3;
					};
				};
			};
			buildConfigurationList = C33851192079BA0B0030320C /* Build configuration list for PBXProject "LiTianDecoration" */;
			compatibilityVersion = "Xcode 9.3";
			developmentRegion = en;
			hasScannedForEncodings = 0;
			knownRegions = (
				en,
				Base,
			);
			mainGroup = C33851152079BA0B0030320C;
			productRefGroup = C338511F2079BA0B0030320C /* Products */;
			projectDirPath = "";
			projectRoot = "";
			targets = (
				C338511D2079BA0B0030320C /* LiTianDecoration */,
			);
		};
/* End PBXProject section */

/* Begin PBXResourcesBuildPhase section */
		C338511C2079BA0B0030320C /* Resources */ = {
			isa = PBXResourcesBuildPhase;
			buildActionMask = 2147483647;
			files = (
				C338512E2079BA140030320C /* LaunchScreen.storyboard in Resources */,
				C338512B2079BA140030320C /* Assets.xcassets in Resources */,
				C33851292079BA0B0030320C /* Main.storyboard in Resources */,
			);
			runOnlyForDeploymentPostprocessing = 0;
		};
/* End PBXResourcesBuildPhase section */

/* Begin PBXSourcesBuildPhase section */
		C338511A2079BA0B0030320C /* Sources */ = {
			isa = PBXSourcesBuildPhase;
			buildActionMask = 2147483647;
			files = (
				C33851262079BA0B0030320C /* ViewController.m in Sources */,
				C33851312079BA140030320C /* main.m in Sources */,
				C33851232079BA0B0030320C /* AppDelegate.m in Sources */,
			);
			runOnlyForDeploymentPostprocessing = 0;
		};
/* End PBXSourcesBuildPhase section */

/* Begin PBXVariantGroup section */
		C33851272079BA0B0030320C /* Main.storyboard */ = {
			isa = PBXVariantGroup;
			children = (
				C33851282079BA0B0030320C /* Base */,
			);
			name = Main.storyboard;
			sourceTree = "<group>";
		};
		C338512C2079BA140030320C /* LaunchScreen.storyboard */ = {
			isa = PBXVariantGroup;
			children = (
				C338512D2079BA140030320C /* Base */,
			);
			name = LaunchScreen.storyboard;
			sourceTree = "<group>";
		};
/* End PBXVariantGroup section */

/* Begin XCBuildConfiguration section */
		C33851322079BA140030320C /* Debug */ = {
			isa = XCBuildConfiguration;
			buildSettings = {
				ALWAYS_SEARCH_USER_PATHS = NO;
				CLANG_ANALYZER_NONNULL = YES;
				CLANG_ANALYZER_NUMBER_OBJECT_CONVERSION = YES_AGGRESSIVE;
				CLANG_CXX_LANGUAGE_STANDARD = "gnu++14";
				CLANG_CXX_LIBRARY = "libc++";
				CLANG_ENABLE_MODULES = YES;
				CLANG_ENABLE_OBJC_ARC = YES;
				CLANG_ENABLE_OBJC_WEAK = YES;
				CLANG_WARN_BLOCK_CAPTURE_AUTORELEASING = YES;
				CLANG_WARN_BOOL_CONVERSION = YES;
				CLANG_WARN_COMMA = YES;
				CLANG_WARN_CONSTANT_CONVERSION = YES;
				CLANG_WARN_DEPRECATED_OBJC_IMPLEMENTATIONS = YES;
				CLANG_WARN_DIRECT_OBJC_ISA_USAGE = YES_ERROR;
				CLANG_WARN_DOCUMENTATION_COMMENTS = YES;
				CLANG_WARN_EMPTY_BODY = YES;
				CLANG_WARN_ENUM_CONVERSION = YES;
				CLANG_WARN_INFINITE_RECURSION = YES;
				CLANG_WARN_INT_CONVERSION = YES;
				CLANG_WARN_NON_LITERAL_NULL_CONVERSION = YES;
				CLANG_WARN_OBJC_IMPLICIT_RETAIN_SELF = YES;
				CLANG_WARN_OBJC_LITERAL_CONVERSION = YES;
				CLANG_WARN_OBJC_ROOT_CLASS = YES_ERROR;
				CLANG_WARN_RANGE_LOOP_ANALYSIS = YES;
				CLANG_WARN_STRICT_PROTOTYPES = YES;
				CLANG_WARN_SUSPICIOUS_MOVE = YES;
				CLANG_WARN_UNGUARDED_AVAILABILITY = YES_AGGRESSIVE;
				CLANG_WARN_UNREACHABLE_CODE = YES;
				CLANG_WARN__DUPLICATE_METHOD_MATCH = YES;
				CODE_SIGN_IDENTITY = "iPhone Developer";
				COPY_PHASE_STRIP = NO;
				DEBUG_INFORMATION_FORMAT = dwarf;
				ENABLE_STRICT_OBJC_MSGSEND = YES;
				ENABLE_TESTABILITY = YES;
				GCC_C_LANGUAGE_STANDARD = gnu11;
				GCC_DYNAMIC_NO_PIC = NO;
				GCC_NO_COMMON_BLOCKS = YES;
				GCC_OPTIMIZATION_LEVEL = 0;
				GCC_PREPROCESSOR_DEFINITIONS = (
					"DEBUG=1",
					"$(inherited)",
				);
				GCC_WARN_64_TO_32_BIT_CONVERSION = YES;
				GCC_WARN_ABOUT_RETURN_TYPE = YES_ERROR;
				GCC_WARN_UNDECLARED_SELECTOR = YES;
				GCC_WARN_UNINITIALIZED_AUTOS = YES_AGGRESSIVE;
				GCC_WARN_UNUSED_FUNCTION = YES;
				GCC_WARN_UNUSED_VARIABLE = YES;
				IPHONEOS_DEPLOYMENT_TARGET = 11.3;
				MTL_ENABLE_DEBUG_INFO = YES;
				ONLY_ACTIVE_ARCH = YES;
				SDKROOT = iphoneos;
			};
			name = Debug;
		};
		C33851332079BA140030320C /* Release */ = {
			isa = XCBuildConfiguration;
			buildSettings = {
				ALWAYS_SEARCH_USER_PATHS = NO;
				CLANG_ANALYZER_NONNULL = YES;
				CLANG_ANALYZER_NUMBER_OBJECT_CONVERSION = YES_AGGRESSIVE;
				CLANG_CXX_LANGUAGE_STANDARD = "gnu++14";
				CLANG_CXX_LIBRARY = "libc++";
				CLANG_ENABLE_MODULES = YES;
				CLANG_ENABLE_OBJC_ARC = YES;
				CLANG_ENABLE_OBJC_WEAK = YES;
				CLANG_WARN_BLOCK_CAPTURE_AUTORELEASING = YES;
				CLANG_WARN_BOOL_CONVERSION = YES;
				CLANG_WARN_COMMA = YES;
				CLANG_WARN_CONSTANT_CONVERSION = YES;
				CLANG_WARN_DEPRECATED_OBJC_IMPLEMENTATIONS = YES;
				CLANG_WARN_DIRECT_OBJC_ISA_USAGE = YES_ERROR;
				CLANG_WARN_DOCUMENTATION_COMMENTS = YES;
				CLANG_WARN_EMPTY_BODY = YES;
				CLANG_WARN_ENUM_CONVERSION = YES;
				CLANG_WARN_INFINITE_RECURSION = YES;
				CLANG_WARN_INT_CONVERSION = YES;
				CLANG_WARN_NON_LITERAL_NULL_CONVERSION = YES;
				CLANG_WARN_OBJC_IMPLICIT_RETAIN_SELF = YES;
				CLANG_WARN_OBJC_LITERAL_CONVERSION = YES;
				CLANG_WARN_OBJC_ROOT_CLASS = YES_ERROR;
				CLANG_WARN_RANGE_LOOP_ANALYSIS = YES;
				CLANG_WARN_STRICT_PROTOTYPES = YES;
				CLANG_WARN_SUSPICIOUS_MOVE = YES;
				CLANG_WARN_UNGUARDED_AVAILABILITY = YES_AGGRESSIVE;
				CLANG_WARN_UNREACHABLE_CODE = YES;
				CLANG_WARN__DUPLICATE_METHOD_MATCH = YES;
				CODE_SIGN_IDENTITY = "iPhone Developer";
				COPY_PHASE_STRIP = NO;
				DEBUG_INFORMATION_FORMAT = "dwarf-with-dsym";
				ENABLE_NS_ASSERTIONS = NO;
				ENABLE_STRICT_OBJC_MSGSEND = YES;
				GCC_C_LANGUAGE_STANDARD = gnu11;
				GCC_NO_COMMON_BLOCKS = YES;
				GCC_WARN_64_TO_32_BIT_CONVERSION = YES;
				GCC_WARN_ABOUT_RETURN_TYPE = YES_ERROR;
				GCC_WARN_UNDECLARED_SELECTOR = YES;
				GCC_WARN_UNINITIALIZED_AUTOS = YES_AGGRESSIVE;
				GCC_WARN_UNUSED_FUNCTION = YES;
				GCC_WARN_UNUSED_VARIABLE = YES;
				IPHONEOS_DEPLOYMENT_TARGET = 11.3;
				MTL_ENABLE_DEBUG_INFO = NO;
				SDKROOT = iphoneos;
				VALIDATE_PRODUCT = YES;
			};
			name = Release;
		};
		C33851352079BA140030320C /* Debug */ = {
			isa = XCBuildConfiguration;
			buildSettings = {
				ASSETCATALOG_COMPILER_APPICON_NAME = AppIcon;
				CODE_SIGN_STYLE = Automatic;
				DEVELOPMENT_TEAM = 7XXTHWTB53;
				INFOPLIST_FILE = LiTianDecoration/Info.plist;
				LD_RUNPATH_SEARCH_PATHS = (
					"$(inherited)",
					"@executable_path/Frameworks",
				);
				PRODUCT_BUNDLE_IDENTIFIER = yangguanglitian.LiTianDecoration;
				PRODUCT_NAME = "$(TARGET_NAME)";
				TARGETED_DEVICE_FAMILY = "1,2";
			};
			name = Debug;
		};
		C33851362079BA140030320C /* Release */ = {
			isa = XCBuildConfiguration;
			buildSettings = {
				ASSETCATALOG_COMPILER_APPICON_NAME = AppIcon;
				CODE_SIGN_STYLE = Automatic;
				DEVELOPMENT_TEAM = 7XXTHWTB53;
				INFOPLIST_FILE = LiTianDecoration/Info.plist;
				LD_RUNPATH_SEARCH_PATHS = (
					"$(inherited)",
					"@executable_path/Frameworks",
				);
				PRODUCT_BUNDLE_IDENTIFIER = yangguanglitian.LiTianDecoration;
				PRODUCT_NAME = "$(TARGET_NAME)";
				TARGETED_DEVICE_FAMILY = "1,2";
			};
			name = Release;
		};
/* End XCBuildConfiguration section */

/* Begin XCConfigurationList section */
		C33851192079BA0B0030320C /* Build configuration list for PBXProject "LiTianDecoration" */ = {
			isa = XCConfigurationList;
			buildConfigurations = (
				C33851322079BA140030320C /* Debug */,
				C33851332079BA140030320C /* Release */,
			);
			defaultConfigurationIsVisible = 0;
			defaultConfigurationName = Release;
		};
		C33851342079BA140030320C /* Build configuration list for PBXNativeTarget "LiTianDecoration" */ = {
			isa = XCConfigurationList;
			buildConfigurations = (
				C33851352079BA140030320C /* Debug */,
				C33851362079BA140030320C /* Release */,
			);
			defaultConfigurationIsVisible = 0;
			defaultConfigurationName = Release;
		};
/* End XCConfigurationList section */
	};
	rootObject = C33851162079BA0B0030320C /* Project object */;
}
